
Microsoft Visual Studio Solution File, Format Version 12.00
# Visual Studio 15
VisualStudioVersion = 15.0.28307.705
MinimumVisualStudioVersion = 10.0.40219.1
Project("{FAE04EC0-301F-11D3-BF4B-00C04F79EFBC}") = "TDDRoman", "TDDRoman\TDDRoman.csproj", "{4B2CA8BE-FEB8-42FF-A580-5AA0397FD772}"
EndProject
Project("{FAE04EC0-301F-11D3-BF4B-00C04F79EFBC}") = "XUnitTestRomanConvertor", "XUnitTestRomanConvertor\XUnitTestRomanConvertor.csproj", "{0FD238C6-CA0B-4758-891D-0093BDA8E1BD}"
EndProject
Global
	GlobalSection(SolutionConfigurationPlatforms) = preSolution
		Debug|Any CPU = Debug|Any CPU
		Release|Any CPU = Release|Any CPU
	EndGlobalSection
	GlobalSection(ProjectConfigurationPlatforms) = postSolution
		{4B2CA8BE-FEB8-42FF-A580-5AA0397FD772}.Debug|Any CPU.ActiveCfg = Debug|Any CPU
		{4B2CA8BE-FEB8-42FF-A580-5AA0397FD772}.Debug|Any CPU.Build.0 = Debug|Any CPU
		{4B2CA8BE-FEB8-42FF-A580-5AA0397FD772}.Release|Any CPU.ActiveCfg = Release|Any CPU
		{4B2CA8BE-FEB8-42FF-A580-5AA0397FD772}.Release|Any CPU.Build.0 = Release|Any CPU
		{0FD238C6-CA0B-4758-891D-0093BDA8E1BD}.Debug|Any CPU.ActiveCfg = Debug|Any CPU
		{0FD238C6-CA0B-4758-891D-0093BDA8E1BD}.Debug|Any CPU.Build.0 = Debug|Any CPU
		{0FD238C6-CA0B-4758-891D-0093BDA8E1BD}.Release|Any CPU.ActiveCfg = Release|Any CPU
		{0FD238C6-CA0B-4758-891D-0093BDA8E1BD}.Release|Any CPU.Build.0 = Release|Any CPU
	EndGlobalSection
	GlobalSection(SolutionProperties) = preSolution
		HideSolutionNode = FALSE
	EndGlobalSection
	GlobalSection(ExtensibilityGlobals) = postSolution
		SolutionGuid = {A6E48D08-1858-44B4-9BA5-DD0148C9BE16}
	EndGlobalSection
EndGlobal
